
Microsoft Visual Studio Solution File, Format Version 12.00
# Visual Studio Version 17
VisualStudioVersion = 17.7.34031.279
MinimumVisualStudioVersion = 10.0.40219.1
Project("{FAE04EC0-301F-11D3-BF4B-00C04F79EFBC}") = "edu.PR.Ejercicio6.190324", "edu.PR.Ejercicio6.190324.csproj", "{608A75E7-BE3B-42A1-ACC4-6EB070208EE8}"
EndProject
Global
	GlobalSection(SolutionConfigurationPlatforms) = preSolution
		Debug|Any CPU = Debug|Any CPU
		Release|Any CPU = Release|Any CPU
	EndGlobalSection
	GlobalSection(ProjectConfigurationPlatforms) = postSolution
		{608A75E7-BE3B-42A1-ACC4-6EB070208EE8}.Debug|Any CPU.ActiveCfg = Debug|Any CPU
		{608A75E7-BE3B-42A1-ACC4-6EB070208EE8}.Debug|Any CPU.Build.0 = Debug|Any CPU
		{608A75E7-BE3B-42A1-ACC4-6EB070208EE8}.Release|Any CPU.ActiveCfg = Release|Any CPU
		{608A75E7-BE3B-42A1-ACC4-6EB070208EE8}.Release|Any CPU.Build.0 = Release|Any CPU
	EndGlobalSection
	GlobalSection(SolutionProperties) = preSolution
		HideSolutionNode = FALSE
	EndGlobalSection
	GlobalSection(ExtensibilityGlobals) = postSolution
		SolutionGuid = {F7ED9877-60DF-4E95-81CA-3FA5BDE1FEA6}
	EndGlobalSection
EndGlobal
